
Microsoft Visual Studio Solution File, Format Version 12.00
# Visual Studio 15
Project("{D954291E-2A0B-460D-934E-DC6B0785DB48}") = "demoseusapp", "demoseusapp\demoseusapp.shproj", "{EABB1950-762A-4608-B35C-99BFA5391876}"
EndProject
Project("{FAE04EC0-301F-11D3-BF4B-00C04F79EFBC}") = "demoseusapp.iOS", "iOS\demoseusapp.iOS.csproj", "{45147292-EF73-4C8E-97AF-A063FEE92E6C}"
EndProject
Project("{FAE04EC0-301F-11D3-BF4B-00C04F79EFBC}") = "demoseusapp.Droid", "Droid\demoseusapp.Droid.csproj", "{B14062B0-0688-4479-932C-577F18524978}"
EndProject
Project("{FAE04EC0-301F-11D3-BF4B-00C04F79EFBC}") = "demoseusapptest", "demoseusapptest\demoseusapptest.csproj", "{1034DAB6-8CB4-4E03-BDDA-34D2926CEF62}"
EndProject
Global
	GlobalSection(SolutionConfigurationPlatforms) = preSolution
		Debug|iPhoneSimulator = Debug|iPhoneSimulator
		Release|iPhone = Release|iPhone
		Release|iPhoneSimulator = Release|iPhoneSimulator
		Debug|iPhone = Debug|iPhone
		Debug|Any CPU = Debug|Any CPU
		Release|Any CPU = Release|Any CPU
	EndGlobalSection
	GlobalSection(ProjectConfigurationPlatforms) = postSolution
		{45147292-EF73-4C8E-97AF-A063FEE92E6C}.Debug|iPhoneSimulator.ActiveCfg = Debug|iPhoneSimulator
		{45147292-EF73-4C8E-97AF-A063FEE92E6C}.Debug|iPhoneSimulator.Build.0 = Debug|iPhoneSimulator
		{45147292-EF73-4C8E-97AF-A063FEE92E6C}.Release|iPhone.ActiveCfg = Release|iPhone
		{45147292-EF73-4C8E-97AF-A063FEE92E6C}.Release|iPhone.Build.0 = Release|iPhone
		{45147292-EF73-4C8E-97AF-A063FEE92E6C}.Release|iPhoneSimulator.ActiveCfg = Release|iPhoneSimulator
		{45147292-EF73-4C8E-97AF-A063FEE92E6C}.Release|iPhoneSimulator.Build.0 = Release|iPhoneSimulator
		{45147292-EF73-4C8E-97AF-A063FEE92E6C}.Debug|iPhone.ActiveCfg = Debug|iPhone
		{45147292-EF73-4C8E-97AF-A063FEE92E6C}.Debug|iPhone.Build.0 = Debug|iPhone
		{45147292-EF73-4C8E-97AF-A063FEE92E6C}.Debug|Any CPU.ActiveCfg = Debug|iPhoneSimulator
		{45147292-EF73-4C8E-97AF-A063FEE92E6C}.Debug|Any CPU.Build.0 = Debug|iPhoneSimulator
		{45147292-EF73-4C8E-97AF-A063FEE92E6C}.Release|Any CPU.ActiveCfg = Release|iPhone
		{45147292-EF73-4C8E-97AF-A063FEE92E6C}.Release|Any CPU.Build.0 = Release|iPhone
		{B14062B0-0688-4479-932C-577F18524978}.Debug|iPhoneSimulator.ActiveCfg = Debug|Any CPU
		{B14062B0-0688-4479-932C-577F18524978}.Debug|iPhoneSimulator.Build.0 = Debug|Any CPU
		{B14062B0-0688-4479-932C-577F18524978}.Release|iPhone.ActiveCfg = Release|Any CPU
		{B14062B0-0688-4479-932C-577F18524978}.Release|iPhone.Build.0 = Release|Any CPU
		{B14062B0-0688-4479-932C-577F18524978}.Release|iPhoneSimulator.ActiveCfg = Release|Any CPU
		{B14062B0-0688-4479-932C-577F18524978}.Release|iPhoneSimulator.Build.0 = Release|Any CPU
		{B14062B0-0688-4479-932C-577F18524978}.Debug|iPhone.ActiveCfg = Debug|Any CPU
		{B14062B0-0688-4479-932C-577F18524978}.Debug|iPhone.Build.0 = Debug|Any CPU
		{B14062B0-0688-4479-932C-577F18524978}.Debug|Any CPU.ActiveCfg = Debug|Any CPU
		{B14062B0-0688-4479-932C-577F18524978}.Debug|Any CPU.Build.0 = Debug|Any CPU
		{B14062B0-0688-4479-932C-577F18524978}.Release|Any CPU.ActiveCfg = Release|Any CPU
		{B14062B0-0688-4479-932C-577F18524978}.Release|Any CPU.Build.0 = Release|Any CPU
		{1034DAB6-8CB4-4E03-BDDA-34D2926CEF62}.Debug|iPhoneSimulator.ActiveCfg = Debug|Any CPU
		{1034DAB6-8CB4-4E03-BDDA-34D2926CEF62}.Debug|iPhoneSimulator.Build.0 = Debug|Any CPU
		{1034DAB6-8CB4-4E03-BDDA-34D2926CEF62}.Release|iPhone.ActiveCfg = Release|Any CPU
		{1034DAB6-8CB4-4E03-BDDA-34D2926CEF62}.Release|iPhone.Build.0 = Release|Any CPU
		{1034DAB6-8CB4-4E03-BDDA-34D2926CEF62}.Release|iPhoneSimulator.ActiveCfg = Release|Any CPU
		{1034DAB6-8CB4-4E03-BDDA-34D2926CEF62}.Release|iPhoneSimulator.Build.0 = Release|Any CPU
		{1034DAB6-8CB4-4E03-BDDA-34D2926CEF62}.Debug|iPhone.ActiveCfg = Debug|Any CPU
		{1034DAB6-8CB4-4E03-BDDA-34D2926CEF62}.Debug|iPhone.Build.0 = Debug|Any CPU
		{1034DAB6-8CB4-4E03-BDDA-34D2926CEF62}.Debug|Any CPU.ActiveCfg = Debug|Any CPU
		{1034DAB6-8CB4-4E03-BDDA-34D2926CEF62}.Debug|Any CPU.Build.0 = Debug|Any CPU
		{1034DAB6-8CB4-4E03-BDDA-34D2926CEF62}.Release|Any CPU.ActiveCfg = Release|Any CPU
		{1034DAB6-8CB4-4E03-BDDA-34D2926CEF62}.Release|Any CPU.Build.0 = Release|Any CPU
	EndGlobalSection
EndGlobal
